
Microsoft Visual Studio Solution File, Format Version 12.00
# Visual Studio Version 16
VisualStudioVersion = 16.0.29827.176
MinimumVisualStudioVersion = 10.0.40219.1
Project("{FAE04EC0-301F-11D3-BF4B-00C04F79EFBC}") = "YogaUI.UWP", "YogaUI\YogaUI.UWP\YogaUI.UWP.csproj", "{6BC972AE-6066-46F0-AA2C-055265D864D6}"
EndProject
Project("{FAE04EC0-301F-11D3-BF4B-00C04F79EFBC}") = "YogaUI.Android", "YogaUI\YogaUI.Android\YogaUI.Android.csproj", "{C2D07D42-DD15-4E3D-8E22-541E1807C22B}"
EndProject
Project("{FAE04EC0-301F-11D3-BF4B-00C04F79EFBC}") = "YogaUI.iOS", "YogaUI\YogaUI.iOS\YogaUI.iOS.csproj", "{D1EDE049-94FE-40AF-B1EF-3CAD1D210B0C}"
EndProject
Project("{FAE04EC0-301F-11D3-BF4B-00C04F79EFBC}") = "YogaUI", "YogaUI\YogaUI\YogaUI.csproj", "{D9078F3A-1568-4357-A801-C64157E3112E}"
EndProject
Global
	GlobalSection(SolutionConfigurationPlatforms) = preSolution
		Debug|Any CPU = Debug|Any CPU
		Debug|ARM = Debug|ARM
		Debug|iPhone = Debug|iPhone
		Debug|iPhoneSimulator = Debug|iPhoneSimulator
		Debug|x64 = Debug|x64
		Debug|x86 = Debug|x86
		Release|Any CPU = Release|Any CPU
		Release|ARM = Release|ARM
		Release|iPhone = Release|iPhone
		Release|iPhoneSimulator = Release|iPhoneSimulator
		Release|x64 = Release|x64
		Release|x86 = Release|x86
	EndGlobalSection
	GlobalSection(ProjectConfigurationPlatforms) = postSolution
		{6BC972AE-6066-46F0-AA2C-055265D864D6}.Debug|Any CPU.ActiveCfg = Debug|x86
		{6BC972AE-6066-46F0-AA2C-055265D864D6}.Debug|Any CPU.Build.0 = Debug|x86
		{6BC972AE-6066-46F0-AA2C-055265D864D6}.Debug|Any CPU.Deploy.0 = Debug|x86
		{6BC972AE-6066-46F0-AA2C-055265D864D6}.Debug|ARM.ActiveCfg = Debug|ARM
		{6BC972AE-6066-46F0-AA2C-055265D864D6}.Debug|ARM.Build.0 = Debug|ARM
		{6BC972AE-6066-46F0-AA2C-055265D864D6}.Debug|ARM.Deploy.0 = Debug|ARM
		{6BC972AE-6066-46F0-AA2C-055265D864D6}.Debug|iPhone.ActiveCfg = Debug|x86
		{6BC972AE-6066-46F0-AA2C-055265D864D6}.Debug|iPhone.Build.0 = Debug|x86
		{6BC972AE-6066-46F0-AA2C-055265D864D6}.Debug|iPhone.Deploy.0 = Debug|x86
		{6BC972AE-6066-46F0-AA2C-055265D864D6}.Debug|iPhoneSimulator.ActiveCfg = Debug|x86
		{6BC972AE-6066-46F0-AA2C-055265D864D6}.Debug|iPhoneSimulator.Build.0 = Debug|x86
		{6BC972AE-6066-46F0-AA2C-055265D864D6}.Debug|iPhoneSimulator.Deploy.0 = Debug|x86
		{6BC972AE-6066-46F0-AA2C-055265D864D6}.Debug|x64.ActiveCfg = Debug|x64
		{6BC972AE-6066-46F0-AA2C-055265D864D6}.Debug|x64.Build.0 = Debug|x64
		{6BC972AE-6066-46F0-AA2C-055265D864D6}.Debug|x64.Deploy.0 = Debug|x64
		{6BC972AE-6066-46F0-AA2C-055265D864D6}.Debug|x86.ActiveCfg = Debug|x86
		{6BC972AE-6066-46F0-AA2C-055265D864D6}.Debug|x86.Build.0 = Debug|x86
		{6BC972AE-6066-46F0-AA2C-055265D864D6}.Debug|x86.Deploy.0 = Debug|x86
		{6BC972AE-6066-46F0-AA2C-055265D864D6}.Release|Any CPU.ActiveCfg = Release|x86
		{6BC972AE-6066-46F0-AA2C-055265D864D6}.Release|Any CPU.Build.0 = Release|x86
		{6BC972AE-6066-46F0-AA2C-055265D864D6}.Release|Any CPU.Deploy.0 = Release|x86
		{6BC972AE-6066-46F0-AA2C-055265D864D6}.Release|ARM.ActiveCfg = Release|ARM
		{6BC972AE-6066-46F0-AA2C-055265D864D6}.Release|ARM.Build.0 = Release|ARM
		{6BC972AE-6066-46F0-AA2C-055265D864D6}.Release|ARM.Deploy.0 = Release|ARM
		{6BC972AE-6066-46F0-AA2C-055265D864D6}.Release|iPhone.ActiveCfg = Release|x86
		{6BC972AE-6066-46F0-AA2C-055265D864D6}.Release|iPhone.Build.0 = Release|x86
		{6BC972AE-6066-46F0-AA2C-055265D864D6}.Release|iPhone.Deploy.0 = Release|x86
		{6BC972AE-6066-46F0-AA2C-055265D864D6}.Release|iPhoneSimulator.ActiveCfg = Release|x86
		{6BC972AE-6066-46F0-AA2C-055265D864D6}.Release|iPhoneSimulator.Build.0 = Release|x86
		{6BC972AE-6066-46F0-AA2C-055265D864D6}.Release|iPhoneSimulator.Deploy.0 = Release|x86
		{6BC972AE-6066-46F0-AA2C-055265D864D6}.Release|x64.ActiveCfg = Release|x64
		{6BC972AE-6066-46F0-AA2C-055265D864D6}.Release|x64.Build.0 = Release|x64
		{6BC972AE-6066-46F0-AA2C-055265D864D6}.Release|x64.Deploy.0 = Release|x64
		{6BC972AE-6066-46F0-AA2C-055265D864D6}.Release|x86.ActiveCfg = Release|x86
		{6BC972AE-6066-46F0-AA2C-055265D864D6}.Release|x86.Build.0 = Release|x86
		{6BC972AE-6066-46F0-AA2C-055265D864D6}.Release|x86.Deploy.0 = Release|x86
		{C2D07D42-DD15-4E3D-8E22-541E1807C22B}.Debug|Any CPU.ActiveCfg = Debug|Any CPU
		{C2D07D42-DD15-4E3D-8E22-541E1807C22B}.Debug|Any CPU.Build.0 = Debug|Any CPU
		{C2D07D42-DD15-4E3D-8E22-541E1807C22B}.Debug|Any CPU.Deploy.0 = Debug|Any CPU
		{C2D07D42-DD15-4E3D-8E22-541E1807C22B}.Debug|ARM.ActiveCfg = Debug|Any CPU
		{C2D07D42-DD15-4E3D-8E22-541E1807C22B}.Debug|ARM.Build.0 = Debug|Any CPU
		{C2D07D42-DD15-4E3D-8E22-541E1807C22B}.Debug|ARM.Deploy.0 = Debug|Any CPU
		{C2D07D42-DD15-4E3D-8E22-541E1807C22B}.Debug|iPhone.ActiveCfg = Debug|Any CPU
		{C2D07D42-DD15-4E3D-8E22-541E1807C22B}.Debug|iPhone.Build.0 = Debug|Any CPU
		{C2D07D42-DD15-4E3D-8E22-541E1807C22B}.Debug|iPhone.Deploy.0 = Debug|Any CPU
		{C2D07D42-DD15-4E3D-8E22-541E1807C22B}.Debug|iPhoneSimulator.ActiveCfg = Debug|Any CPU
		{C2D07D42-DD15-4E3D-8E22-541E1807C22B}.Debug|iPhoneSimulator.Build.0 = Debug|Any CPU
		{C2D07D42-DD15-4E3D-8E22-541E1807C22B}.Debug|iPhoneSimulator.Deploy.0 = Debug|Any CPU
		{C2D07D42-DD15-4E3D-8E22-541E1807C22B}.Debug|x64.ActiveCfg = Debug|Any CPU
		{C2D07D42-DD15-4E3D-8E22-541E1807C22B}.Debug|x64.Build.0 = Debug|Any CPU
		{C2D07D42-DD15-4E3D-8E22-541E1807C22B}.Debug|x64.Deploy.0 = Debug|Any CPU
		{C2D07D42-DD15-4E3D-8E22-541E1807C22B}.Debug|x86.ActiveCfg = Debug|Any CPU
		{C2D07D42-DD15-4E3D-8E22-541E1807C22B}.Debug|x86.Build.0 = Debug|Any CPU
		{C2D07D42-DD15-4E3D-8E22-541E1807C22B}.Debug|x86.Deploy.0 = Debug|Any CPU
		{C2D07D42-DD15-4E3D-8E22-541E1807C22B}.Release|Any CPU.ActiveCfg = Release|Any CPU
		{C2D07D42-DD15-4E3D-8E22-541E1807C22B}.Release|Any CPU.Build.0 = Release|Any CPU
		{C2D07D42-DD15-4E3D-8E22-541E1807C22B}.Release|Any CPU.Deploy.0 = Release|Any CPU
		{C2D07D42-DD15-4E3D-8E22-541E1807C22B}.Release|ARM.ActiveCfg = Release|Any CPU
		{C2D07D42-DD15-4E3D-8E22-541E1807C22B}.Release|ARM.Build.0 = Release|Any CPU
		{C2D07D42-DD15-4E3D-8E22-541E1807C22B}.Release|ARM.Deploy.0 = Release|Any CPU
		{C2D07D42-DD15-4E3D-8E22-541E1807C22B}.Release|iPhone.ActiveCfg = Release|Any CPU
		{C2D07D42-DD15-4E3D-8E22-541E1807C22B}.Release|iPhone.Build.0 = Release|Any CPU
		{C2D07D42-DD15-4E3D-8E22-541E1807C22B}.Release|iPhone.Deploy.0 = Release|Any CPU
		{C2D07D42-DD15-4E3D-8E22-541E1807C22B}.Release|iPhoneSimulator.ActiveCfg = Release|Any CPU
		{C2D07D42-DD15-4E3D-8E22-541E1807C22B}.Release|iPhoneSimulator.Build.0 = Release|Any CPU
		{C2D07D42-DD15-4E3D-8E22-541E1807C22B}.Release|iPhoneSimulator.Deploy.0 = Release|Any CPU
		{C2D07D42-DD15-4E3D-8E22-541E1807C22B}.Release|x64.ActiveCfg = Release|Any CPU
		{C2D07D42-DD15-4E3D-8E22-541E1807C22B}.Release|x64.Build.0 = Release|Any CPU
		{C2D07D42-DD15-4E3D-8E22-541E1807C22B}.Release|x64.Deploy.0 = Release|Any CPU
		{C2D07D42-DD15-4E3D-8E22-541E1807C22B}.Release|x86.ActiveCfg = Release|Any CPU
		{C2D07D42-DD15-4E3D-8E22-541E1807C22B}.Release|x86.Build.0 = Release|Any CPU
		{C2D07D42-DD15-4E3D-8E22-541E1807C22B}.Release|x86.Deploy.0 = Release|Any CPU
		{D1EDE049-94FE-40AF-B1EF-3CAD1D210B0C}.Debug|Any CPU.ActiveCfg = Debug|iPhone
		{D1EDE049-94FE-40AF-B1EF-3CAD1D210B0C}.Debug|Any CPU.Build.0 = Debug|iPhone
		{D1EDE049-94FE-40AF-B1EF-3CAD1D210B0C}.Debug|Any CPU.Deploy.0 = Debug|iPhone
		{D1EDE049-94FE-40AF-B1EF-3CAD1D210B0C}.Debug|ARM.ActiveCfg = Debug|iPhone
		{D1EDE049-94FE-40AF-B1EF-3CAD1D210B0C}.Debug|ARM.Build.0 = Debug|iPhone
		{D1EDE049-94FE-40AF-B1EF-3CAD1D210B0C}.Debug|ARM.Deploy.0 = Debug|iPhone
		{D1EDE049-94FE-40AF-B1EF-3CAD1D210B0C}.Debug|iPhone.ActiveCfg = Debug|iPhone
		{D1EDE049-94FE-40AF-B1EF-3CAD1D210B0C}.Debug|iPhone.Build.0 = Debug|iPhone
		{D1EDE049-94FE-40AF-B1EF-3CAD1D210B0C}.Debug|iPhone.Deploy.0 = Debug|iPhone
		{D1EDE049-94FE-40AF-B1EF-3CAD1D210B0C}.Debug|iPhoneSimulator.ActiveCfg = Debug|iPhoneSimulator
		{D1EDE049-94FE-40AF-B1EF-3CAD1D210B0C}.Debug|iPhoneSimulator.Build.0 = Debug|iPhoneSimulator
		{D1EDE049-94FE-40AF-B1EF-3CAD1D210B0C}.Debug|iPhoneSimulator.Deploy.0 = Debug|iPhoneSimulator
		{D1EDE049-94FE-40AF-B1EF-3CAD1D210B0C}.Debug|x64.ActiveCfg = Debug|iPhone
		{D1EDE049-94FE-40AF-B1EF-3CAD1D210B0C}.Debug|x64.Build.0 = Debug|iPhone
		{D1EDE049-94FE-40AF-B1EF-3CAD1D210B0C}.Debug|x64.Deploy.0 = Debug|iPhone
		{D1EDE049-94FE-40AF-B1EF-3CAD1D210B0C}.Debug|x86.ActiveCfg = Debug|iPhone
		{D1EDE049-94FE-40AF-B1EF-3CAD1D210B0C}.Debug|x86.Build.0 = Debug|iPhone
		{D1EDE049-94FE-40AF-B1EF-3CAD1D210B0C}.Debug|x86.Deploy.0 = Debug|iPhone
		{D1EDE049-94FE-40AF-B1EF-3CAD1D210B0C}.Release|Any CPU.ActiveCfg = Release|iPhone
		{D1EDE049-94FE-40AF-B1EF-3CAD1D210B0C}.Release|Any CPU.Build.0 = Release|iPhone
		{D1EDE049-94FE-40AF-B1EF-3CAD1D210B0C}.Release|Any CPU.Deploy.0 = Release|iPhone
		{D1EDE049-94FE-40AF-B1EF-3CAD1D210B0C}.Release|ARM.ActiveCfg = Release|iPhone
		{D1EDE049-94FE-40AF-B1EF-3CAD1D210B0C}.Release|ARM.Build.0 = Release|iPhone
		{D1EDE049-94FE-40AF-B1EF-3CAD1D210B0C}.Release|ARM.Deploy.0 = Release|iPhone
		{D1EDE049-94FE-40AF-B1EF-3CAD1D210B0C}.Release|iPhone.ActiveCfg = Release|iPhone
		{D1EDE049-94FE-40AF-B1EF-3CAD1D210B0C}.Release|iPhone.Build.0 = Release|iPhone
		{D1EDE049-94FE-40AF-B1EF-3CAD1D210B0C}.Release|iPhone.Deploy.0 = Release|iPhone
		{D1EDE049-94FE-40AF-B1EF-3CAD1D210B0C}.Release|iPhoneSimulator.ActiveCfg = Release|iPhoneSimulator
		{D1EDE049-94FE-40AF-B1EF-3CAD1D210B0C}.Release|iPhoneSimulator.Build.0 = Release|iPhoneSimulator
		{D1EDE049-94FE-40AF-B1EF-3CAD1D210B0C}.Release|iPhoneSimulator.Deploy.0 = Release|iPhoneSimulator
		{D1EDE049-94FE-40AF-B1EF-3CAD1D210B0C}.Release|x64.ActiveCfg = Release|iPhone
		{D1EDE049-94FE-40AF-B1EF-3CAD1D210B0C}.Release|x64.Build.0 = Release|iPhone
		{D1EDE049-94FE-40AF-B1EF-3CAD1D210B0C}.Release|x64.Deploy.0 = Release|iPhone
		{D1EDE049-94FE-40AF-B1EF-3CAD1D210B0C}.Release|x86.ActiveCfg = Release|iPhone
		{D1EDE049-94FE-40AF-B1EF-3CAD1D210B0C}.Release|x86.Build.0 = Release|iPhone
		{D1EDE049-94FE-40AF-B1EF-3CAD1D210B0C}.Release|x86.Deploy.0 = Release|iPhone
		{D9078F3A-1568-4357-A801-C64157E3112E}.Debug|Any CPU.ActiveCfg = Debug|Any CPU
		{D9078F3A-1568-4357-A801-C64157E3112E}.Debug|Any CPU.Build.0 = Debug|Any CPU
		{D9078F3A-1568-4357-A801-C64157E3112E}.Debug|Any CPU.Deploy.0 = Debug|Any CPU
		{D9078F3A-1568-4357-A801-C64157E3112E}.Debug|ARM.ActiveCfg = Debug|Any CPU
		{D9078F3A-1568-4357-A801-C64157E3112E}.Debug|ARM.Build.0 = Debug|Any CPU
		{D9078F3A-1568-4357-A801-C64157E3112E}.Debug|ARM.Deploy.0 = Debug|Any CPU
		{D9078F3A-1568-4357-A801-C64157E3112E}.Debug|iPhone.ActiveCfg = Debug|Any CPU
		{D9078F3A-1568-4357-A801-C64157E3112E}.Debug|iPhone.Build.0 = Debug|Any CPU
		{D9078F3A-1568-4357-A801-C64157E3112E}.Debug|iPhone.Deploy.0 = Debug|Any CPU
		{D9078F3A-1568-4357-A801-C64157E3112E}.Debug|iPhoneSimulator.ActiveCfg = Debug|Any CPU
		{D9078F3A-1568-4357-A801-C64157E3112E}.Debug|iPhoneSimulator.Build.0 = Debug|Any CPU
		{D9078F3A-1568-4357-A801-C64157E3112E}.Debug|iPhoneSimulator.Deploy.0 = Debug|Any CPU
		{D9078F3A-1568-4357-A801-C64157E3112E}.Debug|x64.ActiveCfg = Debug|Any CPU
		{D9078F3A-1568-4357-A801-C64157E3112E}.Debug|x64.Build.0 = Debug|Any CPU
		{D9078F3A-1568-4357-A801-C64157E3112E}.Debug|x64.Deploy.0 = Debug|Any CPU
		{D9078F3A-1568-4357-A801-C64157E3112E}.Debug|x86.ActiveCfg = Debug|Any CPU
		{D9078F3A-1568-4357-A801-C64157E3112E}.Debug|x86.Build.0 = Debug|Any CPU
		{D9078F3A-1568-4357-A801-C64157E3112E}.Debug|x86.Deploy.0 = Debug|Any CPU
		{D9078F3A-1568-4357-A801-C64157E3112E}.Release|Any CPU.ActiveCfg = Release|Any CPU
		{D9078F3A-1568-4357-A801-C64157E3112E}.Release|Any CPU.Build.0 = Release|Any CPU
		{D9078F3A-1568-4357-A801-C64157E3112E}.Release|Any CPU.Deploy.0 = Release|Any CPU
		{D9078F3A-1568-4357-A801-C64157E3112E}.Release|ARM.ActiveCfg = Release|Any CPU
		{D9078F3A-1568-4357-A801-C64157E3112E}.Release|ARM.Build.0 = Release|Any CPU
		{D9078F3A-1568-4357-A801-C64157E3112E}.Release|ARM.Deploy.0 = Release|Any CPU
		{D9078F3A-1568-4357-A801-C64157E3112E}.Release|iPhone.ActiveCfg = Release|Any CPU
		{D9078F3A-1568-4357-A801-C64157E3112E}.Release|iPhone.Build.0 = Release|Any CPU
		{D9078F3A-1568-4357-A801-C64157E3112E}.Release|iPhone.Deploy.0 = Release|Any CPU
		{D9078F3A-1568-4357-A801-C64157E3112E}.Release|iPhoneSimulator.ActiveCfg = Release|Any CPU
		{D9078F3A-1568-4357-A801-C64157E3112E}.Release|iPhoneSimulator.Build.0 = Release|Any CPU
		{D9078F3A-1568-4357-A801-C64157E3112E}.Release|iPhoneSimulator.Deploy.0 = Release|Any CPU
		{D9078F3A-1568-4357-A801-C64157E3112E}.Release|x64.ActiveCfg = Release|Any CPU
		{D9078F3A-1568-4357-A801-C64157E3112E}.Release|x64.Build.0 = Release|Any CPU
		{D9078F3A-1568-4357-A801-C64157E3112E}.Release|x64.Deploy.0 = Release|Any CPU
		{D9078F3A-1568-4357-A801-C64157E3112E}.Release|x86.ActiveCfg = Release|Any CPU
		{D9078F3A-1568-4357-A801-C64157E3112E}.Release|x86.Build.0 = Release|Any CPU
		{D9078F3A-1568-4357-A801-C64157E3112E}.Release|x86.Deploy.0 = Release|Any CPU
	EndGlobalSection
	GlobalSection(SolutionProperties) = preSolution
		HideSolutionNode = FALSE
	EndGlobalSection
	GlobalSection(ExtensibilityGlobals) = postSolution
		SolutionGuid = {7113EF50-E085-41C4-A492-375980C5C19D}
	EndGlobalSection
EndGlobal
